// !$*UTF8*$!
{
	archiveVersion = 1;
	classes = {
	};
	objectVersion = 46;
	objects = {

/* Begin PBXBuildFile section */
		C140FE621E5F072400D72763 /* AppDelegate.swift in Sources */ = {isa = PBXBuildFile; fileRef = C140FE611E5F072400D72763 /* AppDelegate.swift */; };
		C140FE641E5F072400D72763 /* ViewController.swift in Sources */ = {isa = PBXBuildFile; fileRef = C140FE631E5F072400D72763 /* ViewController.swift */; };
		C140FE671E5F072400D72763 /* Main.storyboard in Resources */ = {isa = PBXBuildFile; fileRef = C140FE651E5F072400D72763 /* Main.storyboard */; };
		C140FE691E5F072400D72763 /* Assets.xcassets in Resources */ = {isa = PBXBuildFile; fileRef = C140FE681E5F072400D72763 /* Assets.xcassets */; };
		C140FE6C1E5F072400D72763 /* LaunchScreen.storyboard in Resources */ = {isa = PBXBuildFile; fileRef = C140FE6A1E5F072400D72763 /* LaunchScreen.storyboard */; };
		C140FE7E1E65A6B100D72763 /* SingInLogInViewController.swift in Sources */ = {isa = PBXBuildFile; fileRef = C140FE7D1E65A6B100D72763 /* SingInLogInViewController.swift */; };
		C140FE801E65A6E800D72763 /* MailLogInViewController.swift in Sources */ = {isa = PBXBuildFile; fileRef = C140FE7F1E65A6E800D72763 /* MailLogInViewController.swift */; };
		C140FE821E65A70D00D72763 /* UserProfileViewController.swift in Sources */ = {isa = PBXBuildFile; fileRef = C140FE811E65A70D00D72763 /* UserProfileViewController.swift */; };
		C140FE841E65A78200D72763 /* CreateJoinFlatViewController.swift in Sources */ = {isa = PBXBuildFile; fileRef = C140FE831E65A78200D72763 /* CreateJoinFlatViewController.swift */; };
		C1B71A521E65A7ED005156FA /* CreateFlatViewController.swift in Sources */ = {isa = PBXBuildFile; fileRef = C1B71A511E65A7ED005156FA /* CreateFlatViewController.swift */; };
		C1B71A571E65A930005156FA /* ExistingFlatsTableViewController.swift in Sources */ = {isa = PBXBuildFile; fileRef = C1B71A561E65A930005156FA /* ExistingFlatsTableViewController.swift */; };
		C1B71A591E65A987005156FA /* ExistingFlatTableViewCell.swift in Sources */ = {isa = PBXBuildFile; fileRef = C1B71A581E65A987005156FA /* ExistingFlatTableViewCell.swift */; };
		C1B71A5B1E65AA95005156FA /* HomeViewController.swift in Sources */ = {isa = PBXBuildFile; fileRef = C1B71A5A1E65AA95005156FA /* HomeViewController.swift */; };
/* End PBXBuildFile section */

/* Begin PBXFileReference section */
		C140FE5E1E5F072400D72763 /* projet.app */ = {isa = PBXFileReference; explicitFileType = wrapper.application; includeInIndex = 0; path = projet.app; sourceTree = BUILT_PRODUCTS_DIR; };
		C140FE611E5F072400D72763 /* AppDelegate.swift */ = {isa = PBXFileReference; lastKnownFileType = sourcecode.swift; name = AppDelegate.swift; path = ../AppDelegate.swift; sourceTree = "<group>"; };
		C140FE631E5F072400D72763 /* ViewController.swift */ = {isa = PBXFileReference; lastKnownFileType = sourcecode.swift; path = ViewController.swift; sourceTree = "<group>"; };
		C140FE661E5F072400D72763 /* Base */ = {isa = PBXFileReference; lastKnownFileType = file.storyboard; name = Base; path = Base.lproj/Main.storyboard; sourceTree = "<group>"; };
		C140FE681E5F072400D72763 /* Assets.xcassets */ = {isa = PBXFileReference; lastKnownFileType = folder.assetcatalog; path = Assets.xcassets; sourceTree = "<group>"; };
		C140FE6B1E5F072400D72763 /* Base */ = {isa = PBXFileReference; lastKnownFileType = file.storyboard; name = Base; path = Base.lproj/LaunchScreen.storyboard; sourceTree = "<group>"; };
		C140FE6D1E5F072400D72763 /* Info.plist */ = {isa = PBXFileReference; lastKnownFileType = text.plist.xml; path = Info.plist; sourceTree = "<group>"; };
		C140FE7D1E65A6B100D72763 /* SingInLogInViewController.swift */ = {isa = PBXFileReference; fileEncoding = 4; lastKnownFileType = sourcecode.swift; path = SingInLogInViewController.swift; sourceTree = "<group>"; };
		C140FE7F1E65A6E800D72763 /* MailLogInViewController.swift */ = {isa = PBXFileReference; fileEncoding = 4; lastKnownFileType = sourcecode.swift; path = MailLogInViewController.swift; sourceTree = "<group>"; };
		C140FE811E65A70D00D72763 /* UserProfileViewController.swift */ = {isa = PBXFileReference; fileEncoding = 4; lastKnownFileType = sourcecode.swift; path = UserProfileViewController.swift; sourceTree = "<group>"; };
		C140FE831E65A78200D72763 /* CreateJoinFlatViewController.swift */ = {isa = PBXFileReference; fileEncoding = 4; lastKnownFileType = sourcecode.swift; path = CreateJoinFlatViewController.swift; sourceTree = "<group>"; };
		C1B71A511E65A7ED005156FA /* CreateFlatViewController.swift */ = {isa = PBXFileReference; fileEncoding = 4; lastKnownFileType = sourcecode.swift; path = CreateFlatViewController.swift; sourceTree = "<group>"; };
		C1B71A561E65A930005156FA /* ExistingFlatsTableViewController.swift */ = {isa = PBXFileReference; fileEncoding = 4; lastKnownFileType = sourcecode.swift; path = ExistingFlatsTableViewController.swift; sourceTree = "<group>"; };
		C1B71A581E65A987005156FA /* ExistingFlatTableViewCell.swift */ = {isa = PBXFileReference; fileEncoding = 4; lastKnownFileType = sourcecode.swift; path = ExistingFlatTableViewCell.swift; sourceTree = "<group>"; };
		C1B71A5A1E65AA95005156FA /* HomeViewController.swift */ = {isa = PBXFileReference; fileEncoding = 4; lastKnownFileType = sourcecode.swift; name = HomeViewController.swift; path = projet/tablesViewControl/preViewControl/HomeViewController.swift; sourceTree = SOURCE_ROOT; };
/* End PBXFileReference section */

/* Begin PBXFrameworksBuildPhase section */
		C140FE5B1E5F072400D72763 /* Frameworks */ = {
			isa = PBXFrameworksBuildPhase;
			buildActionMask = 2147483647;
			files = (
			);
			runOnlyForDeploymentPostprocessing = 0;
		};
/* End PBXFrameworksBuildPhase section */

/* Begin PBXGroup section */
		C140FE551E5F072400D72763 = {
			isa = PBXGroup;
			children = (
				C140FE601E5F072400D72763 /* projet */,
				C140FE5F1E5F072400D72763 /* Products */,
			);
			sourceTree = "<group>";
		};
		C140FE5F1E5F072400D72763 /* Products */ = {
			isa = PBXGroup;
			children = (
				C140FE5E1E5F072400D72763 /* projet.app */,
			);
			name = Products;
			sourceTree = "<group>";
		};
		C140FE601E5F072400D72763 /* projet */ = {
			isa = PBXGroup;
			children = (
				C140FE7C1E65A62200D72763 /* Pre */,
				C140FE731E5F07DF00D72763 /* cells */,
				C140FE741E5F07DF00D72763 /* classes */,
				C140FE751E5F07DF00D72763 /* db */,
				C140FE761E5F07DF00D72763 /* models */,
				C140FE771E5F07DF00D72763 /* net */,
				C140FE781E5F07DF00D72763 /* tablesViewControl */,
				C140FE791E5F085A00D72763 /* ViewsControl */,
				C140FE631E5F072400D72763 /* ViewController.swift */,
				C140FE651E5F072400D72763 /* Main.storyboard */,
				C140FE681E5F072400D72763 /* Assets.xcassets */,
				C140FE6A1E5F072400D72763 /* LaunchScreen.storyboard */,
				C140FE6D1E5F072400D72763 /* Info.plist */,
			);
			path = projet;
			sourceTree = "<group>";
		};
		C140FE731E5F07DF00D72763 /* cells */ = {
			isa = PBXGroup;
			children = (
			);
			path = cells;
			sourceTree = "<group>";
		};
		C140FE741E5F07DF00D72763 /* classes */ = {
			isa = PBXGroup;
			children = (
				C140FE611E5F072400D72763 /* AppDelegate.swift */,
			);
			path = classes;
			sourceTree = "<group>";
		};
		C140FE751E5F07DF00D72763 /* db */ = {
			isa = PBXGroup;
			children = (
			);
			path = db;
			sourceTree = "<group>";
		};
		C140FE761E5F07DF00D72763 /* models */ = {
			isa = PBXGroup;
			children = (
			);
			path = models;
			sourceTree = "<group>";
		};
		C140FE771E5F07DF00D72763 /* net */ = {
			isa = PBXGroup;
			children = (
			);
			path = net;
			sourceTree = "<group>";
		};
		C140FE781E5F07DF00D72763 /* tablesViewControl */ = {
			isa = PBXGroup;
			children = (
			);
			path = tablesViewControl;
			sourceTree = "<group>";
		};
		C140FE791E5F085A00D72763 /* ViewsControl */ = {
			isa = PBXGroup;
			children = (
				C1B71A5A1E65AA95005156FA /* HomeViewController.swift */,
			);
			name = ViewsControl;
			path = net/ViewsControl;
			sourceTree = "<group>";
		};
		C140FE7C1E65A62200D72763 /* Pre */ = {
			isa = PBXGroup;
			children = (
				C1B71A551E65A8A7005156FA /* TableRow */,
				C1B71A541E65A899005156FA /* TableView */,
				C1B71A531E65A86A005156FA /* ViewControllers */,
			);
			name = Pre;
			path = tablesViewControl/preViewControl;
			sourceTree = "<group>";
		};
		C1B71A531E65A86A005156FA /* ViewControllers */ = {
			isa = PBXGroup;
			children = (
				C140FE7D1E65A6B100D72763 /* SingInLogInViewController.swift */,
				C140FE7F1E65A6E800D72763 /* MailLogInViewController.swift */,
				C140FE811E65A70D00D72763 /* UserProfileViewController.swift */,
				C140FE831E65A78200D72763 /* CreateJoinFlatViewController.swift */,
				C1B71A511E65A7ED005156FA /* CreateFlatViewController.swift */,
			);
			name = ViewControllers;
			sourceTree = "<group>";
		};
		C1B71A541E65A899005156FA /* TableView */ = {
			isa = PBXGroup;
			children = (
				C1B71A561E65A930005156FA /* ExistingFlatsTableViewController.swift */,
			);
			name = TableView;
			sourceTree = "<group>";
		};
		C1B71A551E65A8A7005156FA /* TableRow */ = {
			isa = PBXGroup;
			children = (
				C1B71A581E65A987005156FA /* ExistingFlatTableViewCell.swift */,
			);
			name = TableRow;
			sourceTree = "<group>";
		};
/* End PBXGroup section */

/* Begin PBXNativeTarget section */
		C140FE5D1E5F072400D72763 /* projet */ = {
			isa = PBXNativeTarget;
			buildConfigurationList = C140FE701E5F072400D72763 /* Build configuration list for PBXNativeTarget "projet" */;
			buildPhases = (
				C140FE5A1E5F072400D72763 /* Sources */,
				C140FE5B1E5F072400D72763 /* Frameworks */,
				C140FE5C1E5F072400D72763 /* Resources */,
			);
			buildRules = (
			);
			dependencies = (
			);
			name = projet;
			productName = projet;
			productReference = C140FE5E1E5F072400D72763 /* projet.app */;
			productType = "com.apple.product-type.application";
		};
/* End PBXNativeTarget section */

/* Begin PBXProject section */
		C140FE561E5F072400D72763 /* Project object */ = {
			isa = PBXProject;
			attributes = {
				LastSwiftUpdateCheck = 0810;
				LastUpgradeCheck = 0810;
				ORGANIZATIONNAME = student5302;
				TargetAttributes = {
					C140FE5D1E5F072400D72763 = {
						CreatedOnToolsVersion = 8.1;
						ProvisioningStyle = Automatic;
					};
				};
			};
			buildConfigurationList = C140FE591E5F072400D72763 /* Build configuration list for PBXProject "projet" */;
			compatibilityVersion = "Xcode 3.2";
			developmentRegion = English;
			hasScannedForEncodings = 0;
			knownRegions = (
				en,
				Base,
			);
			mainGroup = C140FE551E5F072400D72763;
			productRefGroup = C140FE5F1E5F072400D72763 /* Products */;
			projectDirPath = "";
			projectRoot = "";
			targets = (
				C140FE5D1E5F072400D72763 /* projet */,
			);
		};
/* End PBXProject section */

/* Begin PBXResourcesBuildPhase section */
		C140FE5C1E5F072400D72763 /* Resources */ = {
			isa = PBXResourcesBuildPhase;
			buildActionMask = 2147483647;
			files = (
				C140FE6C1E5F072400D72763 /* LaunchScreen.storyboard in Resources */,
				C140FE691E5F072400D72763 /* Assets.xcassets in Resources */,
				C140FE671E5F072400D72763 /* Main.storyboard in Resources */,
			);
			runOnlyForDeploymentPostprocessing = 0;
		};
/* End PBXResourcesBuildPhase section */

/* Begin PBXSourcesBuildPhase section */
		C140FE5A1E5F072400D72763 /* Sources */ = {
			isa = PBXSourcesBuildPhase;
			buildActionMask = 2147483647;
			files = (
				C140FE641E5F072400D72763 /* ViewController.swift in Sources */,
				C1B71A521E65A7ED005156FA /* CreateFlatViewController.swift in Sources */,
				C140FE821E65A70D00D72763 /* UserProfileViewController.swift in Sources */,
				C140FE7E1E65A6B100D72763 /* SingInLogInViewController.swift in Sources */,
				C140FE621E5F072400D72763 /* AppDelegate.swift in Sources */,
				C1B71A5B1E65AA95005156FA /* HomeViewController.swift in Sources */,
				C1B71A571E65A930005156FA /* ExistingFlatsTableViewController.swift in Sources */,
				C1B71A591E65A987005156FA /* ExistingFlatTableViewCell.swift in Sources */,
				C140FE801E65A6E800D72763 /* MailLogInViewController.swift in Sources */,
				C140FE841E65A78200D72763 /* CreateJoinFlatViewController.swift in Sources */,
			);
			runOnlyForDeploymentPostprocessing = 0;
		};
/* End PBXSourcesBuildPhase section */

/* Begin PBXVariantGroup section */
		C140FE651E5F072400D72763 /* Main.storyboard */ = {
			isa = PBXVariantGroup;
			children = (
				C140FE661E5F072400D72763 /* Base */,
			);
			name = Main.storyboard;
			sourceTree = "<group>";
		};
		C140FE6A1E5F072400D72763 /* LaunchScreen.storyboard */ = {
			isa = PBXVariantGroup;
			children = (
				C140FE6B1E5F072400D72763 /* Base */,
			);
			name = LaunchScreen.storyboard;
			sourceTree = "<group>";
		};
/* End PBXVariantGroup section */

/* Begin XCBuildConfiguration section */
		C140FE6E1E5F072400D72763 /* Debug */ = {
			isa = XCBuildConfiguration;
			buildSettings = {
				ALWAYS_SEARCH_USER_PATHS = NO;
				CLANG_ANALYZER_NONNULL = YES;
				CLANG_CXX_LANGUAGE_STANDARD = "gnu++0x";
				CLANG_CXX_LIBRARY = "libc++";
				CLANG_ENABLE_MODULES = YES;
				CLANG_ENABLE_OBJC_ARC = YES;
				CLANG_WARN_BOOL_CONVERSION = YES;
				CLANG_WARN_CONSTANT_CONVERSION = YES;
				CLANG_WARN_DIRECT_OBJC_ISA_USAGE = YES_ERROR;
				CLANG_WARN_DOCUMENTATION_COMMENTS = YES;
				CLANG_WARN_EMPTY_BODY = YES;
				CLANG_WARN_ENUM_CONVERSION = YES;
				CLANG_WARN_INFINITE_RECURSION = YES;
				CLANG_WARN_INT_CONVERSION = YES;
				CLANG_WARN_OBJC_ROOT_CLASS = YES_ERROR;
				CLANG_WARN_SUSPICIOUS_MOVES = YES;
				CLANG_WARN_UNREACHABLE_CODE = YES;
				CLANG_WARN__DUPLICATE_METHOD_MATCH = YES;
				"CODE_SIGN_IDENTITY[sdk=iphoneos*]" = "iPhone Developer";
				COPY_PHASE_STRIP = NO;
				DEBUG_INFORMATION_FORMAT = dwarf;
				ENABLE_STRICT_OBJC_MSGSEND = YES;
				ENABLE_TESTABILITY = YES;
				GCC_C_LANGUAGE_STANDARD = gnu99;
				GCC_DYNAMIC_NO_PIC = NO;
				GCC_NO_COMMON_BLOCKS = YES;
				GCC_OPTIMIZATION_LEVEL = 0;
				GCC_PREPROCESSOR_DEFINITIONS = (
					"DEBUG=1",
					"$(inherited)",
				);
				GCC_WARN_64_TO_32_BIT_CONVERSION = YES;
				GCC_WARN_ABOUT_RETURN_TYPE = YES_ERROR;
				GCC_WARN_UNDECLARED_SELECTOR = YES;
				GCC_WARN_UNINITIALIZED_AUTOS = YES_AGGRESSIVE;
				GCC_WARN_UNUSED_FUNCTION = YES;
				GCC_WARN_UNUSED_VARIABLE = YES;
				IPHONEOS_DEPLOYMENT_TARGET = 10.1;
				MTL_ENABLE_DEBUG_INFO = YES;
				ONLY_ACTIVE_ARCH = YES;
				SDKROOT = iphoneos;
				SWIFT_ACTIVE_COMPILATION_CONDITIONS = DEBUG;
				SWIFT_OPTIMIZATION_LEVEL = "-Onone";
				TARGETED_DEVICE_FAMILY = "1,2";
			};
			name = Debug;
		};
		C140FE6F1E5F072400D72763 /* Release */ = {
			isa = XCBuildConfiguration;
			buildSettings = {
				ALWAYS_SEARCH_USER_PATHS = NO;
				CLANG_ANALYZER_NONNULL = YES;
				CLANG_CXX_LANGUAGE_STANDARD = "gnu++0x";
				CLANG_CXX_LIBRARY = "libc++";
				CLANG_ENABLE_MODULES = YES;
				CLANG_ENABLE_OBJC_ARC = YES;
				CLANG_WARN_BOOL_CONVERSION = YES;
				CLANG_WARN_CONSTANT_CONVERSION = YES;
				CLANG_WARN_DIRECT_OBJC_ISA_USAGE = YES_ERROR;
				CLANG_WARN_DOCUMENTATION_COMMENTS = YES;
				CLANG_WARN_EMPTY_BODY = YES;
				CLANG_WARN_ENUM_CONVERSION = YES;
				CLANG_WARN_INFINITE_RECURSION = YES;
				CLANG_WARN_INT_CONVERSION = YES;
				CLANG_WARN_OBJC_ROOT_CLASS = YES_ERROR;
				CLANG_WARN_SUSPICIOUS_MOVES = YES;
				CLANG_WARN_UNREACHABLE_CODE = YES;
				CLANG_WARN__DUPLICATE_METHOD_MATCH = YES;
				"CODE_SIGN_IDENTITY[sdk=iphoneos*]" = "iPhone Developer";
				COPY_PHASE_STRIP = NO;
				DEBUG_INFORMATION_FORMAT = "dwarf-with-dsym";
				ENABLE_NS_ASSERTIONS = NO;
				ENABLE_STRICT_OBJC_MSGSEND = YES;
				GCC_C_LANGUAGE_STANDARD = gnu99;
				GCC_NO_COMMON_BLOCKS = YES;
				GCC_WARN_64_TO_32_BIT_CONVERSION = YES;
				GCC_WARN_ABOUT_RETURN_TYPE = YES_ERROR;
				GCC_WARN_UNDECLARED_SELECTOR = YES;
				GCC_WARN_UNINITIALIZED_AUTOS = YES_AGGRESSIVE;
				GCC_WARN_UNUSED_FUNCTION = YES;
				GCC_WARN_UNUSED_VARIABLE = YES;
				IPHONEOS_DEPLOYMENT_TARGET = 10.1;
				MTL_ENABLE_DEBUG_INFO = NO;
				SDKROOT = iphoneos;
				SWIFT_OPTIMIZATION_LEVEL = "-Owholemodule";
				TARGETED_DEVICE_FAMILY = "1,2";
				VALIDATE_PRODUCT = YES;
			};
			name = Release;
		};
		C140FE711E5F072400D72763 /* Debug */ = {
			isa = XCBuildConfiguration;
			buildSettings = {
				ASSETCATALOG_COMPILER_APPICON_NAME = AppIcon;
				DEVELOPMENT_TEAM = "";
				INFOPLIST_FILE = projet/Info.plist;
				LD_RUNPATH_SEARCH_PATHS = "$(inherited) @executable_path/Frameworks";
				PRODUCT_BUNDLE_IDENTIFIER = tf.projet;
				PRODUCT_NAME = "$(TARGET_NAME)";
				SWIFT_VERSION = 3.0;
			};
			name = Debug;
		};
		C140FE721E5F072400D72763 /* Release */ = {
			isa = XCBuildConfiguration;
			buildSettings = {
				ASSETCATALOG_COMPILER_APPICON_NAME = AppIcon;
				DEVELOPMENT_TEAM = "";
				INFOPLIST_FILE = projet/Info.plist;
				LD_RUNPATH_SEARCH_PATHS = "$(inherited) @executable_path/Frameworks";
				PRODUCT_BUNDLE_IDENTIFIER = tf.projet;
				PRODUCT_NAME = "$(TARGET_NAME)";
				SWIFT_VERSION = 3.0;
			};
			name = Release;
		};
/* End XCBuildConfiguration section */

/* Begin XCConfigurationList section */
		C140FE591E5F072400D72763 /* Build configuration list for PBXProject "projet" */ = {
			isa = XCConfigurationList;
			buildConfigurations = (
				C140FE6E1E5F072400D72763 /* Debug */,
				C140FE6F1E5F072400D72763 /* Release */,
			);
			defaultConfigurationIsVisible = 0;
			defaultConfigurationName = Release;
		};
		C140FE701E5F072400D72763 /* Build configuration list for PBXNativeTarget "projet" */ = {
			isa = XCConfigurationList;
			buildConfigurations = (
				C140FE711E5F072400D72763 /* Debug */,
				C140FE721E5F072400D72763 /* Release */,
			);
			defaultConfigurationIsVisible = 0;
			defaultConfigurationName = Release;
		};
/* End XCConfigurationList section */
	};
	rootObject = C140FE561E5F072400D72763 /* Project object */;
}
